// !$*UTF8*$!
{
	archiveVersion = 1;
	classes = {
	};
	objectVersion = 50;
	objects = {

/* Begin PBXBuildFile section */
		165386662577881E00964188 /* Plant+CoreDataClass.swift in Sources */ = {isa = PBXBuildFile; fileRef = 165386642577881E00964188 /* Plant+CoreDataClass.swift */; };
		165386672577881E00964188 /* Plant+CoreDataProperties.swift in Sources */ = {isa = PBXBuildFile; fileRef = 165386652577881E00964188 /* Plant+CoreDataProperties.swift */; };
		1677372B25749AED00D70F6D /* AppDelegate.swift in Sources */ = {isa = PBXBuildFile; fileRef = 1677372A25749AED00D70F6D /* AppDelegate.swift */; };
		1677372D25749AED00D70F6D /* SceneDelegate.swift in Sources */ = {isa = PBXBuildFile; fileRef = 1677372C25749AED00D70F6D /* SceneDelegate.swift */; };
		1677373225749AED00D70F6D /* Main.storyboard in Resources */ = {isa = PBXBuildFile; fileRef = 1677373025749AED00D70F6D /* Main.storyboard */; };
		1677373525749AED00D70F6D /* Oasis.xcdatamodeld in Sources */ = {isa = PBXBuildFile; fileRef = 1677373325749AED00D70F6D /* Oasis.xcdatamodeld */; };
		1677373725749AF000D70F6D /* Assets.xcassets in Resources */ = {isa = PBXBuildFile; fileRef = 1677373625749AF000D70F6D /* Assets.xcassets */; };
		1677373A25749AF000D70F6D /* LaunchScreen.storyboard in Resources */ = {isa = PBXBuildFile; fileRef = 1677373825749AF000D70F6D /* LaunchScreen.storyboard */; };
		1677376025772A1F00D70F6D /* PlantViewController.swift in Sources */ = {isa = PBXBuildFile; fileRef = 1677375F25772A1F00D70F6D /* PlantViewController.swift */; };
/* End PBXBuildFile section */

/* Begin PBXFileReference section */
		165386642577881E00964188 /* Plant+CoreDataClass.swift */ = {isa = PBXFileReference; lastKnownFileType = sourcecode.swift; path = "Plant+CoreDataClass.swift"; sourceTree = "<group>"; };
		165386652577881E00964188 /* Plant+CoreDataProperties.swift */ = {isa = PBXFileReference; lastKnownFileType = sourcecode.swift; path = "Plant+CoreDataProperties.swift"; sourceTree = "<group>"; };
		1677372725749AED00D70F6D /* Oasis.app */ = {isa = PBXFileReference; explicitFileType = wrapper.application; includeInIndex = 0; path = Oasis.app; sourceTree = BUILT_PRODUCTS_DIR; };
		1677372A25749AED00D70F6D /* AppDelegate.swift */ = {isa = PBXFileReference; lastKnownFileType = sourcecode.swift; path = AppDelegate.swift; sourceTree = "<group>"; };
		1677372C25749AED00D70F6D /* SceneDelegate.swift */ = {isa = PBXFileReference; lastKnownFileType = sourcecode.swift; path = SceneDelegate.swift; sourceTree = "<group>"; };
		1677373125749AED00D70F6D /* Base */ = {isa = PBXFileReference; lastKnownFileType = file.storyboard; name = Base; path = Base.lproj/Main.storyboard; sourceTree = "<group>"; };
		1677373425749AED00D70F6D /* Oasis.xcdatamodel */ = {isa = PBXFileReference; lastKnownFileType = wrapper.xcdatamodel; path = Oasis.xcdatamodel; sourceTree = "<group>"; };
		1677373625749AF000D70F6D /* Assets.xcassets */ = {isa = PBXFileReference; lastKnownFileType = folder.assetcatalog; path = Assets.xcassets; sourceTree = "<group>"; };
		1677373925749AF000D70F6D /* Base */ = {isa = PBXFileReference; lastKnownFileType = file.storyboard; name = Base; path = Base.lproj/LaunchScreen.storyboard; sourceTree = "<group>"; };
		1677373B25749AF000D70F6D /* Info.plist */ = {isa = PBXFileReference; lastKnownFileType = text.plist.xml; path = Info.plist; sourceTree = "<group>"; };
		1677375F25772A1F00D70F6D /* PlantViewController.swift */ = {isa = PBXFileReference; lastKnownFileType = sourcecode.swift; path = PlantViewController.swift; sourceTree = "<group>"; };
/* End PBXFileReference section */

/* Begin PBXFrameworksBuildPhase section */
		1677372425749AED00D70F6D /* Frameworks */ = {
			isa = PBXFrameworksBuildPhase;
			buildActionMask = 2147483647;
			files = (
			);
			runOnlyForDeploymentPostprocessing = 0;
		};
/* End PBXFrameworksBuildPhase section */

/* Begin PBXGroup section */
		1677371E25749AED00D70F6D = {
			isa = PBXGroup;
			children = (
				1677372925749AED00D70F6D /* Oasis */,
				1677372825749AED00D70F6D /* Products */,
			);
			sourceTree = "<group>";
		};
		1677372825749AED00D70F6D /* Products */ = {
			isa = PBXGroup;
			children = (
				1677372725749AED00D70F6D /* Oasis.app */,
			);
			name = Products;
			sourceTree = "<group>";
		};
		1677372925749AED00D70F6D /* Oasis */ = {
			isa = PBXGroup;
			children = (
				1677372A25749AED00D70F6D /* AppDelegate.swift */,
				1677372C25749AED00D70F6D /* SceneDelegate.swift */,
				1677373025749AED00D70F6D /* Main.storyboard */,
				1677375F25772A1F00D70F6D /* PlantViewController.swift */,
				1677373625749AF000D70F6D /* Assets.xcassets */,
				1677373825749AF000D70F6D /* LaunchScreen.storyboard */,
				1677373B25749AF000D70F6D /* Info.plist */,
				1677373325749AED00D70F6D /* Oasis.xcdatamodeld */,
				165386642577881E00964188 /* Plant+CoreDataClass.swift */,
				165386652577881E00964188 /* Plant+CoreDataProperties.swift */,
			);
			path = Oasis;
			sourceTree = "<group>";
		};
/* End PBXGroup section */

/* Begin PBXNativeTarget section */
		1677372625749AED00D70F6D /* Oasis */ = {
			isa = PBXNativeTarget;
			buildConfigurationList = 1677373E25749AF000D70F6D /* Build configuration list for PBXNativeTarget "Oasis" */;
			buildPhases = (
				1677372325749AED00D70F6D /* Sources */,
				1677372425749AED00D70F6D /* Frameworks */,
				1677372525749AED00D70F6D /* Resources */,
			);
			buildRules = (
			);
			dependencies = (
			);
			name = Oasis;
			productName = Oasis;
			productReference = 1677372725749AED00D70F6D /* Oasis.app */;
			productType = "com.apple.product-type.application";
		};
/* End PBXNativeTarget section */

/* Begin PBXProject section */
		1677371F25749AED00D70F6D /* Project object */ = {
			isa = PBXProject;
			attributes = {
				LastSwiftUpdateCheck = 1200;
				LastUpgradeCheck = 1200;
				TargetAttributes = {
					1677372625749AED00D70F6D = {
						CreatedOnToolsVersion = 12.0.1;
					};
				};
			};
			buildConfigurationList = 1677372225749AED00D70F6D /* Build configuration list for PBXProject "Oasis" */;
			compatibilityVersion = "Xcode 9.3";
			developmentRegion = en;
			hasScannedForEncodings = 0;
			knownRegions = (
				en,
				Base,
			);
			mainGroup = 1677371E25749AED00D70F6D;
			productRefGroup = 1677372825749AED00D70F6D /* Products */;
			projectDirPath = "";
			projectRoot = "";
			targets = (
				1677372625749AED00D70F6D /* Oasis */,
			);
		};
/* End PBXProject section */

/* Begin PBXResourcesBuildPhase section */
		1677372525749AED00D70F6D /* Resources */ = {
			isa = PBXResourcesBuildPhase;
			buildActionMask = 2147483647;
			files = (
				1677373A25749AF000D70F6D /* LaunchScreen.storyboard in Resources */,
				1677373725749AF000D70F6D /* Assets.xcassets in Resources */,
				1677373225749AED00D70F6D /* Main.storyboard in Resources */,
			);
			runOnlyForDeploymentPostprocessing = 0;
		};
/* End PBXResourcesBuildPhase section */

/* Begin PBXSourcesBuildPhase section */
		1677372325749AED00D70F6D /* Sources */ = {
			isa = PBXSourcesBuildPhase;
			buildActionMask = 2147483647;
			files = (
				1677373525749AED00D70F6D /* Oasis.xcdatamodeld in Sources */,
				1677372B25749AED00D70F6D /* AppDelegate.swift in Sources */,
				165386662577881E00964188 /* Plant+CoreDataClass.swift in Sources */,
				165386672577881E00964188 /* Plant+CoreDataProperties.swift in Sources */,
				1677376025772A1F00D70F6D /* PlantViewController.swift in Sources */,
				1677372D25749AED00D70F6D /* SceneDelegate.swift in Sources */,
			);
			runOnlyForDeploymentPostprocessing = 0;
		};
/* End PBXSourcesBuildPhase section */

/* Begin PBXVariantGroup section */
		1677373025749AED00D70F6D /* Main.storyboard */ = {
			isa = PBXVariantGroup;
			children = (
				1677373125749AED00D70F6D /* Base */,
			);
			name = Main.storyboard;
			sourceTree = "<group>";
		};
		1677373825749AF000D70F6D /* LaunchScreen.storyboard */ = {
			isa = PBXVariantGroup;
			children = (
				1677373925749AF000D70F6D /* Base */,
			);
			name = LaunchScreen.storyboard;
			sourceTree = "<group>";
		};
/* End PBXVariantGroup section */

/* Begin XCBuildConfiguration section */
		1677373C25749AF000D70F6D /* Debug */ = {
			isa = XCBuildConfiguration;
			buildSettings = {
				ALWAYS_SEARCH_USER_PATHS = NO;
				CLANG_ANALYZER_NONNULL = YES;
				CLANG_ANALYZER_NUMBER_OBJECT_CONVERSION = YES_AGGRESSIVE;
				CLANG_CXX_LANGUAGE_STANDARD = "gnu++14";
				CLANG_CXX_LIBRARY = "libc++";
				CLANG_ENABLE_MODULES = YES;
				CLANG_ENABLE_OBJC_ARC = YES;
				CLANG_ENABLE_OBJC_WEAK = YES;
				CLANG_WARN_BLOCK_CAPTURE_AUTORELEASING = YES;
				CLANG_WARN_BOOL_CONVERSION = YES;
				CLANG_WARN_COMMA = YES;
				CLANG_WARN_CONSTANT_CONVERSION = YES;
				CLANG_WARN_DEPRECATED_OBJC_IMPLEMENTATIONS = YES;
				CLANG_WARN_DIRECT_OBJC_ISA_USAGE = YES_ERROR;
				CLANG_WARN_DOCUMENTATION_COMMENTS = YES;
				CLANG_WARN_EMPTY_BODY = YES;
				CLANG_WARN_ENUM_CONVERSION = YES;
				CLANG_WARN_INFINITE_RECURSION = YES;
				CLANG_WARN_INT_CONVERSION = YES;
				CLANG_WARN_NON_LITERAL_NULL_CONVERSION = YES;
				CLANG_WARN_OBJC_IMPLICIT_RETAIN_SELF = YES;
				CLANG_WARN_OBJC_LITERAL_CONVERSION = YES;
				CLANG_WARN_OBJC_ROOT_CLASS = YES_ERROR;
				CLANG_WARN_QUOTED_INCLUDE_IN_FRAMEWORK_HEADER = YES;
				CLANG_WARN_RANGE_LOOP_ANALYSIS = YES;
				CLANG_WARN_STRICT_PROTOTYPES = YES;
				CLANG_WARN_SUSPICIOUS_MOVE = YES;
				CLANG_WARN_UNGUARDED_AVAILABILITY = YES_AGGRESSIVE;
				CLANG_WARN_UNREACHABLE_CODE = YES;
				CLANG_WARN__DUPLICATE_METHOD_MATCH = YES;
				COPY_PHASE_STRIP = NO;
				DEBUG_INFORMATION_FORMAT = dwarf;
				ENABLE_STRICT_OBJC_MSGSEND = YES;
				ENABLE_TESTABILITY = YES;
				GCC_C_LANGUAGE_STANDARD = gnu11;
				GCC_DYNAMIC_NO_PIC = NO;
				GCC_NO_COMMON_BLOCKS = YES;
				GCC_OPTIMIZATION_LEVEL = 0;
				GCC_PREPROCESSOR_DEFINITIONS = (
					"DEBUG=1",
					"$(inherited)",
				);
				GCC_WARN_64_TO_32_BIT_CONVERSION = YES;
				GCC_WARN_ABOUT_RETURN_TYPE = YES_ERROR;
				GCC_WARN_UNDECLARED_SELECTOR = YES;
				GCC_WARN_UNINITIALIZED_AUTOS = YES_AGGRESSIVE;
				GCC_WARN_UNUSED_FUNCTION = YES;
				GCC_WARN_UNUSED_VARIABLE = YES;
				IPHONEOS_DEPLOYMENT_TARGET = 14.0;
				MTL_ENABLE_DEBUG_INFO = INCLUDE_SOURCE;
				MTL_FAST_MATH = YES;
				ONLY_ACTIVE_ARCH = YES;
				SDKROOT = iphoneos;
				SWIFT_ACTIVE_COMPILATION_CONDITIONS = DEBUG;
				SWIFT_OPTIMIZATION_LEVEL = "-Onone";
			};
			name = Debug;
		};
		1677373D25749AF000D70F6D /* Release */ = {
			isa = XCBuildConfiguration;
			buildSettings = {
				ALWAYS_SEARCH_USER_PATHS = NO;
				CLANG_ANALYZER_NONNULL = YES;
				CLANG_ANALYZER_NUMBER_OBJECT_CONVERSION = YES_AGGRESSIVE;
				CLANG_CXX_LANGUAGE_STANDARD = "gnu++14";
				CLANG_CXX_LIBRARY = "libc++";
				CLANG_ENABLE_MODULES = YES;
				CLANG_ENABLE_OBJC_ARC = YES;
				CLANG_ENABLE_OBJC_WEAK = YES;
				CLANG_WARN_BLOCK_CAPTURE_AUTORELEASING = YES;
				CLANG_WARN_BOOL_CONVERSION = YES;
				CLANG_WARN_COMMA = YES;
				CLANG_WARN_CONSTANT_CONVERSION = YES;
				CLANG_WARN_DEPRECATED_OBJC_IMPLEMENTATIONS = YES;
				CLANG_WARN_DIRECT_OBJC_ISA_USAGE = YES_ERROR;
				CLANG_WARN_DOCUMENTATION_COMMENTS = YES;
				CLANG_WARN_EMPTY_BODY = YES;
				CLANG_WARN_ENUM_CONVERSION = YES;
				CLANG_WARN_INFINITE_RECURSION = YES;
				CLANG_WARN_INT_CONVERSION = YES;
				CLANG_WARN_NON_LITERAL_NULL_CONVERSION = YES;
				CLANG_WARN_OBJC_IMPLICIT_RETAIN_SELF = YES;
				CLANG_WARN_OBJC_LITERAL_CONVERSION = YES;
				CLANG_WARN_OBJC_ROOT_CLASS = YES_ERROR;
				CLANG_WARN_QUOTED_INCLUDE_IN_FRAMEWORK_HEADER = YES;
				CLANG_WARN_RANGE_LOOP_ANALYSIS = YES;
				CLANG_WARN_STRICT_PROTOTYPES = YES;
				CLANG_WARN_SUSPICIOUS_MOVE = YES;
				CLANG_WARN_UNGUARDED_AVAILABILITY = YES_AGGRESSIVE;
				CLANG_WARN_UNREACHABLE_CODE = YES;
				CLANG_WARN__DUPLICATE_METHOD_MATCH = YES;
				COPY_PHASE_STRIP = NO;
				DEBUG_INFORMATION_FORMAT = "dwarf-with-dsym";
				ENABLE_NS_ASSERTIONS = NO;
				ENABLE_STRICT_OBJC_MSGSEND = YES;
				GCC_C_LANGUAGE_STANDARD = gnu11;
				GCC_NO_COMMON_BLOCKS = YES;
				GCC_WARN_64_TO_32_BIT_CONVERSION = YES;
				GCC_WARN_ABOUT_RETURN_TYPE = YES_ERROR;
				GCC_WARN_UNDECLARED_SELECTOR = YES;
				GCC_WARN_UNINITIALIZED_AUTOS = YES_AGGRESSIVE;
				GCC_WARN_UNUSED_FUNCTION = YES;
				GCC_WARN_UNUSED_VARIABLE = YES;
				IPHONEOS_DEPLOYMENT_TARGET = 14.0;
				MTL_ENABLE_DEBUG_INFO = NO;
				MTL_FAST_MATH = YES;
				SDKROOT = iphoneos;
				SWIFT_COMPILATION_MODE = wholemodule;
				SWIFT_OPTIMIZATION_LEVEL = "-O";
				VALIDATE_PRODUCT = YES;
			};
			name = Release;
		};
		1677373F25749AF000D70F6D /* Debug */ = {
			isa = XCBuildConfiguration;
			buildSettings = {
				ASSETCATALOG_COMPILER_APPICON_NAME = AppIcon;
				ASSETCATALOG_COMPILER_GLOBAL_ACCENT_COLOR_NAME = AccentColor;
				CODE_SIGN_STYLE = Automatic;
				DEVELOPMENT_TEAM = GUYPJD4NUE;
				INFOPLIST_FILE = Oasis/Info.plist;
				LD_RUNPATH_SEARCH_PATHS = (
					"$(inherited)",
					"@executable_path/Frameworks",
				);
				PRODUCT_BUNDLE_IDENTIFIER = com.LindbergParlan.Oasis;
				PRODUCT_NAME = "$(TARGET_NAME)";
				SWIFT_VERSION = 5.0;
				TARGETED_DEVICE_FAMILY = "1,2";
			};
			name = Debug;
		};
		1677374025749AF000D70F6D /* Release */ = {
			isa = XCBuildConfiguration;
			buildSettings = {
				ASSETCATALOG_COMPILER_APPICON_NAME = AppIcon;
				ASSETCATALOG_COMPILER_GLOBAL_ACCENT_COLOR_NAME = AccentColor;
				CODE_SIGN_STYLE = Automatic;
				DEVELOPMENT_TEAM = GUYPJD4NUE;
				INFOPLIST_FILE = Oasis/Info.plist;
				LD_RUNPATH_SEARCH_PATHS = (
					"$(inherited)",
					"@executable_path/Frameworks",
				);
				PRODUCT_BUNDLE_IDENTIFIER = com.LindbergParlan.Oasis;
				PRODUCT_NAME = "$(TARGET_NAME)";
				SWIFT_VERSION = 5.0;
				TARGETED_DEVICE_FAMILY = "1,2";
			};
			name = Release;
		};
/* End XCBuildConfiguration section */

/* Begin XCConfigurationList section */
		1677372225749AED00D70F6D /* Build configuration list for PBXProject "Oasis" */ = {
			isa = XCConfigurationList;
			buildConfigurations = (
				1677373C25749AF000D70F6D /* Debug */,
				1677373D25749AF000D70F6D /* Release */,
			);
			defaultConfigurationIsVisible = 0;
			defaultConfigurationName = Release;
		};
		1677373E25749AF000D70F6D /* Build configuration list for PBXNativeTarget "Oasis" */ = {
			isa = XCConfigurationList;
			buildConfigurations = (
				1677373F25749AF000D70F6D /* Debug */,
				1677374025749AF000D70F6D /* Release */,
			);
			defaultConfigurationIsVisible = 0;
			defaultConfigurationName = Release;
		};
/* End XCConfigurationList section */

/* Begin XCVersionGroup section */
		1677373325749AED00D70F6D /* Oasis.xcdatamodeld */ = {
			isa = XCVersionGroup;
			children = (
				1677373425749AED00D70F6D /* Oasis.xcdatamodel */,
			);
			currentVersion = 1677373425749AED00D70F6D /* Oasis.xcdatamodel */;
			path = Oasis.xcdatamodeld;
			sourceTree = "<group>";
			versionGroupType = wrapper.xcdatamodel;
		};
/* End XCVersionGroup section */
	};
	rootObject = 1677371F25749AED00D70F6D /* Project object */;
}
